
Microsoft Visual Studio Solution File, Format Version 12.00
# Visual Studio Version 17
VisualStudioVersion = 17.13.35825.156 d17.13
MinimumVisualStudioVersion = 10.0.40219.1
Project("{FAE04EC0-301F-11D3-BF4B-00C04F79EFBC}") = "MauiApp4", "MauiApp4\MauiApp4.csproj", "{FAF35C25-386B-4600-8B97-B38CD3A571BE}"
EndProject
Global
	GlobalSection(SolutionConfigurationPlatforms) = preSolution
		Debug|Any CPU = Debug|Any CPU
		Release|Any CPU = Release|Any CPU
	EndGlobalSection
	GlobalSection(ProjectConfigurationPlatforms) = postSolution
		{FAF35C25-386B-4600-8B97-B38CD3A571BE}.Debug|Any CPU.ActiveCfg = Debug|Any CPU
		{FAF35C25-386B-4600-8B97-B38CD3A571BE}.Debug|Any CPU.Build.0 = Debug|Any CPU
		{FAF35C25-386B-4600-8B97-B38CD3A571BE}.Release|Any CPU.ActiveCfg = Release|Any CPU
		{FAF35C25-386B-4600-8B97-B38CD3A571BE}.Release|Any CPU.Build.0 = Release|Any CPU
	EndGlobalSection
	GlobalSection(SolutionProperties) = preSolution
		HideSolutionNode = FALSE
	EndGlobalSection
	GlobalSection(ExtensibilityGlobals) = postSolution
		SolutionGuid = {96528CAC-666F-4B60-A605-5CB95EDAE4B3}
	EndGlobalSection
EndGlobal
